
Microsoft Visual Studio Solution File, Format Version 12.00
# Visual Studio 2013
VisualStudioVersion = 12.0.30723.0
MinimumVisualStudioVersion = 10.0.40219.1
Project("{FAE04EC0-301F-11D3-BF4B-00C04F79EFBC}") = "MultiCurrencyTaxCalculation", "MultiCurrencyTaxCalculation\MultiCurrencyTaxCalculation.csproj", "{65B00809-74FD-40BB-9F37-1352109912CC}"
EndProject
Project("{FAE04EC0-301F-11D3-BF4B-00C04F79EFBC}") = "MultiCurrencyTaxCalculation.Tests", "MultiCurrencyTaxCalculation.Tests\MultiCurrencyTaxCalculation.Tests.csproj", "{9AFADC3D-4128-4B5E-8807-EB4B3F1A3956}"
EndProject
Project("{FAE04EC0-301F-11D3-BF4B-00C04F79EFBC}") = "MultiCurrencyTaxCalculation.BusinessLayer", "MultiCurrencyTaxCalculation.BusinessLayer\MultiCurrencyTaxCalculation.BusinessLayer.csproj", "{FB0F7303-A524-4C2E-97AD-8821147095D4}"
EndProject
Project("{FAE04EC0-301F-11D3-BF4B-00C04F79EFBC}") = "MultiCurrencyTaxCalculation.DataLayer", "MultiCurrencyTaxCalculation.DataLayer\MultiCurrencyTaxCalculation.DataLayer.csproj", "{C043FE1E-E8B0-4163-B557-AE259309D438}"
EndProject
Global
	GlobalSection(SolutionConfigurationPlatforms) = preSolution
		Debug|Any CPU = Debug|Any CPU
		Release|Any CPU = Release|Any CPU
	EndGlobalSection
	GlobalSection(ProjectConfigurationPlatforms) = postSolution
		{65B00809-74FD-40BB-9F37-1352109912CC}.Debug|Any CPU.ActiveCfg = Debug|Any CPU
		{65B00809-74FD-40BB-9F37-1352109912CC}.Debug|Any CPU.Build.0 = Debug|Any CPU
		{65B00809-74FD-40BB-9F37-1352109912CC}.Release|Any CPU.ActiveCfg = Release|Any CPU
		{65B00809-74FD-40BB-9F37-1352109912CC}.Release|Any CPU.Build.0 = Release|Any CPU
		{9AFADC3D-4128-4B5E-8807-EB4B3F1A3956}.Debug|Any CPU.ActiveCfg = Debug|Any CPU
		{9AFADC3D-4128-4B5E-8807-EB4B3F1A3956}.Debug|Any CPU.Build.0 = Debug|Any CPU
		{9AFADC3D-4128-4B5E-8807-EB4B3F1A3956}.Release|Any CPU.ActiveCfg = Release|Any CPU
		{9AFADC3D-4128-4B5E-8807-EB4B3F1A3956}.Release|Any CPU.Build.0 = Release|Any CPU
		{FB0F7303-A524-4C2E-97AD-8821147095D4}.Debug|Any CPU.ActiveCfg = Debug|Any CPU
		{FB0F7303-A524-4C2E-97AD-8821147095D4}.Debug|Any CPU.Build.0 = Debug|Any CPU
		{FB0F7303-A524-4C2E-97AD-8821147095D4}.Release|Any CPU.ActiveCfg = Release|Any CPU
		{FB0F7303-A524-4C2E-97AD-8821147095D4}.Release|Any CPU.Build.0 = Release|Any CPU
		{C043FE1E-E8B0-4163-B557-AE259309D438}.Debug|Any CPU.ActiveCfg = Debug|Any CPU
		{C043FE1E-E8B0-4163-B557-AE259309D438}.Debug|Any CPU.Build.0 = Debug|Any CPU
		{C043FE1E-E8B0-4163-B557-AE259309D438}.Release|Any CPU.ActiveCfg = Release|Any CPU
		{C043FE1E-E8B0-4163-B557-AE259309D438}.Release|Any CPU.Build.0 = Release|Any CPU
	EndGlobalSection
	GlobalSection(SolutionProperties) = preSolution
		HideSolutionNode = FALSE
	EndGlobalSection
EndGlobal
